<?xml version="1.0" encoding="utf-8"?>
<Project ToolsVersion="16.0" xmlns="http://schemas.microsoft.com/developer/msbuild/2003">
  <ItemGroup>
    <CustomBuild Include="N:\Development\Dev_Base\geos-3.11.1\msvc\CMakeFiles\a536aced2872a75ece177fd642aa7468\INSTALL_force.rule">
      <Filter>CMake Rules</Filter>
    </CustomBuild>
  </ItemGroup>
  <ItemGroup>
    <Filter Include="CMake Rules">
      <UniqueIdentifier>{FD5F931B-61C4-3D52-A5B0-2CA080A6E17E}</UniqueIdentifier>
    </Filter>
  </ItemGroup>
</Project>
